// !$*UTF8*$!
{
	archiveVersion = 1;
	classes = {
	};
	objectVersion = 46;
	objects = {

/* Begin PBXBuildFile section */
		4C202D501D72EA8100E150D3 /* EditMusicView.m in Sources */ = {isa = PBXBuildFile; fileRef = 4C202D4F1D72EA8100E150D3 /* EditMusicView.m */; };
		4C202D531D747AFA00E150D3 /* RecordView.m in Sources */ = {isa = PBXBuildFile; fileRef = 4C202D521D747AFA00E150D3 /* RecordView.m */; };
		4C3DA1F21D3B5B5F0003B5FD /* ShareAlertView.m in Sources */ = {isa = PBXBuildFile; fileRef = 4C3DA1F11D3B5B5F0003B5FD /* ShareAlertView.m */; };
		4C3DA1F41D3B62650003B5FD /* icon120.png in Resources */ = {isa = PBXBuildFile; fileRef = 4C3DA1F31D3B62650003B5FD /* icon120.png */; };
		4C4A768A1D773764005588D0 /* SaveMusicView.m in Sources */ = {isa = PBXBuildFile; fileRef = 4C4A76891D773764005588D0 /* SaveMusicView.m */; };
		4C4F36D91D7491C200171C7A /* RecordListCell.m in Sources */ = {isa = PBXBuildFile; fileRef = 4C4F36D81D7491C200171C7A /* RecordListCell.m */; };
		4C4F36DC1D749DAB00171C7A /* slide_disable@2x.png in Resources */ = {isa = PBXBuildFile; fileRef = 4C4F36DA1D749DAB00171C7A /* slide_disable@2x.png */; };
		4C4F36DD1D749DAB00171C7A /* slide_enable@2x.png in Resources */ = {isa = PBXBuildFile; fileRef = 4C4F36DB1D749DAB00171C7A /* slide_enable@2x.png */; };
		4C4F36E11D74A0E700171C7A /* MusicData.m in Sources */ = {isa = PBXBuildFile; fileRef = 4C4F36E01D74A0E700171C7A /* MusicData.m */; };
		4C4F36E31D75D48700171C7A /* delete_normal@2x.png in Resources */ = {isa = PBXBuildFile; fileRef = 4C4F36E21D75D48700171C7A /* delete_normal@2x.png */; };
		4C54F2161E052A910037BAA7 /* HomeHeadView.m in Sources */ = {isa = PBXBuildFile; fileRef = 4C54F2151E052A910037BAA7 /* HomeHeadView.m */; };
		4C5ADED91D44BAB5004713D0 /* TouchInsideAnimationView.m in Sources */ = {isa = PBXBuildFile; fileRef = 4C5ADED81D44BAB5004713D0 /* TouchInsideAnimationView.m */; };
		4C5DEB571D9981EA0010E147 /* record_save_head1.png in Resources */ = {isa = PBXBuildFile; fileRef = 4C5DEB541D9981EA0010E147 /* record_save_head1.png */; };
		4C5DEB581D9981EA0010E147 /* record_save_head2.png in Resources */ = {isa = PBXBuildFile; fileRef = 4C5DEB551D9981EA0010E147 /* record_save_head2.png */; };
		4C5DEB591D9981EA0010E147 /* record_save_head3.png in Resources */ = {isa = PBXBuildFile; fileRef = 4C5DEB561D9981EA0010E147 /* record_save_head3.png */; };
		4C60581F1D424E9E0003EAF3 /* TouchAnimationView.m in Sources */ = {isa = PBXBuildFile; fileRef = 4C60581E1D424E9E0003EAF3 /* TouchAnimationView.m */; };
		4C644CC51E05283D005663AF /* MptPageControl.m in Sources */ = {isa = PBXBuildFile; fileRef = 4C644CC01E05283D005663AF /* MptPageControl.m */; };
		4C644CC61E05283D005663AF /* MptTableHeadCell.m in Sources */ = {isa = PBXBuildFile; fileRef = 4C644CC21E05283D005663AF /* MptTableHeadCell.m */; };
		4C644CC71E05283D005663AF /* MptTableHeadView.m in Sources */ = {isa = PBXBuildFile; fileRef = 4C644CC41E05283D005663AF /* MptTableHeadView.m */; };
		4CA0C7241D1FAC4E001EDC89 /* main.m in Sources */ = {isa = PBXBuildFile; fileRef = 4CA0C7231D1FAC4E001EDC89 /* main.m */; };
		4CA0C7271D1FAC4E001EDC89 /* AppDelegate.m in Sources */ = {isa = PBXBuildFile; fileRef = 4CA0C7261D1FAC4E001EDC89 /* AppDelegate.m */; };
		4CA0C72A1D1FAC4E001EDC89 /* ViewController.m in Sources */ = {isa = PBXBuildFile; fileRef = 4CA0C7291D1FAC4E001EDC89 /* ViewController.m */; };
		4CA0C72F1D1FAC4E001EDC89 /* Assets.xcassets in Resources */ = {isa = PBXBuildFile; fileRef = 4CA0C72E1D1FAC4E001EDC89 /* Assets.xcassets */; };
		4CA0C73D1D1FAC4F001EDC89 /* BabySleepTests.m in Sources */ = {isa = PBXBuildFile; fileRef = 4CA0C73C1D1FAC4F001EDC89 /* BabySleepTests.m */; };
		4CA0C7481D1FAC4F001EDC89 /* BabySleepUITests.m in Sources */ = {isa = PBXBuildFile; fileRef = 4CA0C7471D1FAC4F001EDC89 /* BabySleepUITests.m */; };
		4CA0EAEA1E06A51D00C12A5A /* ad1_640.png in Resources */ = {isa = PBXBuildFile; fileRef = 4CA0EAE11E06A51D00C12A5A /* ad1_640.png */; };
		4CA0EAEB1E06A51D00C12A5A /* ad1_750.png in Resources */ = {isa = PBXBuildFile; fileRef = 4CA0EAE21E06A51D00C12A5A /* ad1_750.png */; };
		4CA0EAEC1E06A51D00C12A5A /* ad1_828.png in Resources */ = {isa = PBXBuildFile; fileRef = 4CA0EAE31E06A51D00C12A5A /* ad1_828.png */; };
		4CA0EAED1E06A51D00C12A5A /* ad2_640.png in Resources */ = {isa = PBXBuildFile; fileRef = 4CA0EAE41E06A51D00C12A5A /* ad2_640.png */; };
		4CA0EAEE1E06A51D00C12A5A /* ad2_750.png in Resources */ = {isa = PBXBuildFile; fileRef = 4CA0EAE51E06A51D00C12A5A /* ad2_750.png */; };
		4CA0EAEF1E06A51D00C12A5A /* ad2_828.png in Resources */ = {isa = PBXBuildFile; fileRef = 4CA0EAE61E06A51D00C12A5A /* ad2_828.png */; };
		4CA0EAF01E06A51D00C12A5A /* ad3_640.png in Resources */ = {isa = PBXBuildFile; fileRef = 4CA0EAE71E06A51D00C12A5A /* ad3_640.png */; };
		4CA0EAF11E06A51D00C12A5A /* ad3_750.png in Resources */ = {isa = PBXBuildFile; fileRef = 4CA0EAE81E06A51D00C12A5A /* ad3_750.png */; };
		4CA0EAF21E06A51D00C12A5A /* ad3_828.png in Resources */ = {isa = PBXBuildFile; fileRef = 4CA0EAE91E06A51D00C12A5A /* ad3_828.png */; };
		4CA8344D1D30DB78007543B5 /* SystemConfiguration.framework in Frameworks */ = {isa = PBXBuildFile; fileRef = 4CA8344C1D30DB78007543B5 /* SystemConfiguration.framework */; };
		4CA8344F1D30DB86007543B5 /* libz.tbd in Frameworks */ = {isa = PBXBuildFile; fileRef = 4CA8344E1D30DB86007543B5 /* libz.tbd */; };
		4CA834511D30DB9B007543B5 /* libsqlite3.0.tbd in Frameworks */ = {isa = PBXBuildFile; fileRef = 4CA834501D30DB9B007543B5 /* libsqlite3.0.tbd */; };
		4CA834531D30DBAB007543B5 /* libc++.tbd in Frameworks */ = {isa = PBXBuildFile; fileRef = 4CA834521D30DBAB007543B5 /* libc++.tbd */; };
		4CA834551D30DDC0007543B5 /* CoreTelephony.framework in Frameworks */ = {isa = PBXBuildFile; fileRef = 4CA834541D30DDC0007543B5 /* CoreTelephony.framework */; };
		4CAE50891D3550A4009FE262 /* Images.xcassets in Resources */ = {isa = PBXBuildFile; fileRef = 4CAE50881D3550A4009FE262 /* Images.xcassets */; };
		4CAE508B1D3552AB009FE262 /* adx2@2x.png in Resources */ = {isa = PBXBuildFile; fileRef = 4CAE508A1D3552AB009FE262 /* adx2@2x.png */; };
		4CB2D6AB1DB36BD100297B61 /* Localizable.strings in Resources */ = {isa = PBXBuildFile; fileRef = 4CB2D6AD1DB36BD100297B61 /* Localizable.strings */; };
		4CDEA46F1D604531006E3AA8 /* home_m4a_1.png in Resources */ = {isa = PBXBuildFile; fileRef = 4CDEA46A1D604531006E3AA8 /* home_m4a_1.png */; };
		4CDEA4701D604531006E3AA8 /* home_m4a_2.png in Resources */ = {isa = PBXBuildFile; fileRef = 4CDEA46B1D604531006E3AA8 /* home_m4a_2.png */; };
		4CDEA4711D604531006E3AA8 /* home_m4a_3.png in Resources */ = {isa = PBXBuildFile; fileRef = 4CDEA46C1D604531006E3AA8 /* home_m4a_3.png */; };
		4CDEA4761D604542006E3AA8 /* 1.m4a in Resources */ = {isa = PBXBuildFile; fileRef = 4CDEA4731D604542006E3AA8 /* 1.m4a */; };
		4CDEA4771D604542006E3AA8 /* 2.m4a in Resources */ = {isa = PBXBuildFile; fileRef = 4CDEA4741D604542006E3AA8 /* 2.m4a */; };
		4CDEA4781D604542006E3AA8 /* 3.m4a in Resources */ = {isa = PBXBuildFile; fileRef = 4CDEA4751D604542006E3AA8 /* 3.m4a */; };
		4CE52F991D28CAD9009576C6 /* SliderViewController.m in Sources */ = {isa = PBXBuildFile; fileRef = 4CE52F981D28CAD9009576C6 /* SliderViewController.m */; };
		4CE52FA21D28CB12009576C6 /* Utility.m in Sources */ = {isa = PBXBuildFile; fileRef = 4CE52F9E1D28CB12009576C6 /* Utility.m */; };
		4CE52FA31D28CB12009576C6 /* WMUserDefault.m in Sources */ = {isa = PBXBuildFile; fileRef = 4CE52FA01D28CB12009576C6 /* WMUserDefault.m */; };
		4CE52FA61D29057C009576C6 /* LeftViewController.m in Sources */ = {isa = PBXBuildFile; fileRef = 4CE52FA51D29057C009576C6 /* LeftViewController.m */; };
		98A7710DA41AEF688C8BD8A0 /* libPods-BabySleep.a in Frameworks */ = {isa = PBXBuildFile; fileRef = 8388166B00A305B456CA2633 /* libPods-BabySleep.a */; };
		A42128931D894B9400120B49 /* SystemVolumeViewController.m in Sources */ = {isa = PBXBuildFile; fileRef = A42128921D894B9400120B49 /* SystemVolumeViewController.m */; };
		A42349B31D2C9F46009A5ECC /* TFLargerHitButton.m in Sources */ = {isa = PBXBuildFile; fileRef = A42349B21D2C9F46009A5ECC /* TFLargerHitButton.m */; };
		A42349B61D2CAD9E009A5ECC /* ShareViewController.m in Sources */ = {isa = PBXBuildFile; fileRef = A42349B51D2CAD9E009A5ECC /* ShareViewController.m */; };
		A42349B91D2CF1CA009A5ECC /* ShareView.m in Sources */ = {isa = PBXBuildFile; fileRef = A42349B81D2CF1CA009A5ECC /* ShareView.m */; };
		A4E3FB341D3F6E7C00EEEF94 /* 华康圆体W3.otf in Resources */ = {isa = PBXBuildFile; fileRef = A4E3FB321D3F6E7B00EEEF94 /* 华康圆体W3.otf */; };
		A4E3FB351D3F6E7C00EEEF94 /* 华康圆体W5.TTF in Resources */ = {isa = PBXBuildFile; fileRef = A4E3FB331D3F6E7C00EEEF94 /* 华康圆体W5.TTF */; };
		A4E5DF581D4F18C7008AABE4 /* MMPDeepSleepPreventer.m in Sources */ = {isa = PBXBuildFile; fileRef = A4E5DF561D4F18C7008AABE4 /* MMPDeepSleepPreventer.m */; };
		A4E5DF591D4F18C7008AABE4 /* MMPSilence.wav in Resources */ = {isa = PBXBuildFile; fileRef = A4E5DF571D4F18C7008AABE4 /* MMPSilence.wav */; };
		A4E5DF5D1D4F29DE008AABE4 /* AudioTask.m in Sources */ = {isa = PBXBuildFile; fileRef = A4E5DF5C1D4F29DE008AABE4 /* AudioTask.m */; };
		A4FEA1401D2B990200FB7FE0 /* NoiseViewController.m in Sources */ = {isa = PBXBuildFile; fileRef = A4FEA13F1D2B990200FB7FE0 /* NoiseViewController.m */; };
/* End PBXBuildFile section */

/* Begin PBXContainerItemProxy section */
		4CA0C7391D1FAC4F001EDC89 /* PBXContainerItemProxy */ = {
			isa = PBXContainerItemProxy;
			containerPortal = 4CA0C7171D1FAC4E001EDC89 /* Project object */;
			proxyType = 1;
			remoteGlobalIDString = 4CA0C71E1D1FAC4E001EDC89;
			remoteInfo = BabySleep;
		};
		4CA0C7441D1FAC4F001EDC89 /* PBXContainerItemProxy */ = {
			isa = PBXContainerItemProxy;
			containerPortal = 4CA0C7171D1FAC4E001EDC89 /* Project object */;
			proxyType = 1;
			remoteGlobalIDString = 4CA0C71E1D1FAC4E001EDC89;
			remoteInfo = BabySleep;
		};
/* End PBXContainerItemProxy section */

/* Begin PBXFileReference section */
		3C85BCABA432B8DCDBE98160 /* Pods-BabySleep.release.xcconfig */ = {isa = PBXFileReference; includeInIndex = 1; lastKnownFileType = text.xcconfig; name = "Pods-BabySleep.release.xcconfig"; path = "Pods/Target Support Files/Pods-BabySleep/Pods-BabySleep.release.xcconfig"; sourceTree = "<group>"; };
		4C202D4E1D72EA8100E150D3 /* EditMusicView.h */ = {isa = PBXFileReference; fileEncoding = 4; lastKnownFileType = sourcecode.c.h; path = EditMusicView.h; sourceTree = "<group>"; };
		4C202D4F1D72EA8100E150D3 /* EditMusicView.m */ = {isa = PBXFileReference; fileEncoding = 4; lastKnownFileType = sourcecode.c.objc; path = EditMusicView.m; sourceTree = "<group>"; };
		4C202D511D747AFA00E150D3 /* RecordView.h */ = {isa = PBXFileReference; fileEncoding = 4; lastKnownFileType = sourcecode.c.h; path = RecordView.h; sourceTree = "<group>"; };
		4C202D521D747AFA00E150D3 /* RecordView.m */ = {isa = PBXFileReference; fileEncoding = 4; lastKnownFileType = sourcecode.c.objc; path = RecordView.m; sourceTree = "<group>"; };
		4C3DA1F01D3B5B5F0003B5FD /* ShareAlertView.h */ = {isa = PBXFileReference; fileEncoding = 4; lastKnownFileType = sourcecode.c.h; path = ShareAlertView.h; sourceTree = "<group>"; };
		4C3DA1F11D3B5B5F0003B5FD /* ShareAlertView.m */ = {isa = PBXFileReference; fileEncoding = 4; lastKnownFileType = sourcecode.c.objc; path = ShareAlertView.m; sourceTree = "<group>"; };
		4C3DA1F31D3B62650003B5FD /* icon120.png */ = {isa = PBXFileReference; lastKnownFileType = image.png; path = icon120.png; sourceTree = "<group>"; };
		4C4A76881D773764005588D0 /* SaveMusicView.h */ = {isa = PBXFileReference; fileEncoding = 4; lastKnownFileType = sourcecode.c.h; path = SaveMusicView.h; sourceTree = "<group>"; };
		4C4A76891D773764005588D0 /* SaveMusicView.m */ = {isa = PBXFileReference; fileEncoding = 4; lastKnownFileType = sourcecode.c.objc; path = SaveMusicView.m; sourceTree = "<group>"; };
		4C4F36D71D7491C200171C7A /* RecordListCell.h */ = {isa = PBXFileReference; fileEncoding = 4; lastKnownFileType = sourcecode.c.h; path = RecordListCell.h; sourceTree = "<group>"; };
		4C4F36D81D7491C200171C7A /* RecordListCell.m */ = {isa = PBXFileReference; fileEncoding = 4; lastKnownFileType = sourcecode.c.objc; path = RecordListCell.m; sourceTree = "<group>"; };
		4C4F36DA1D749DAB00171C7A /* slide_disable@2x.png */ = {isa = PBXFileReference; lastKnownFileType = image.png; path = "slide_disable@2x.png"; sourceTree = "<group>"; };
		4C4F36DB1D749DAB00171C7A /* slide_enable@2x.png */ = {isa = PBXFileReference; lastKnownFileType = image.png; path = "slide_enable@2x.png"; sourceTree = "<group>"; };
		4C4F36DF1D74A0E700171C7A /* MusicData.h */ = {isa = PBXFileReference; fileEncoding = 4; lastKnownFileType = sourcecode.c.h; path = MusicData.h; sourceTree = "<group>"; };
		4C4F36E01D74A0E700171C7A /* MusicData.m */ = {isa = PBXFileReference; fileEncoding = 4; lastKnownFileType = sourcecode.c.objc; path = MusicData.m; sourceTree = "<group>"; };
		4C4F36E21D75D48700171C7A /* delete_normal@2x.png */ = {isa = PBXFileReference; lastKnownFileType = image.png; path = "delete_normal@2x.png"; sourceTree = "<group>"; };
		4C54F2141E052A910037BAA7 /* HomeHeadView.h */ = {isa = PBXFileReference; fileEncoding = 4; lastKnownFileType = sourcecode.c.h; path = HomeHeadView.h; sourceTree = "<group>"; };
		4C54F2151E052A910037BAA7 /* HomeHeadView.m */ = {isa = PBXFileReference; fileEncoding = 4; lastKnownFileType = sourcecode.c.objc; path = HomeHeadView.m; sourceTree = "<group>"; };
		4C5ADED71D44BAB5004713D0 /* TouchInsideAnimationView.h */ = {isa = PBXFileReference; fileEncoding = 4; lastKnownFileType = sourcecode.c.h; path = TouchInsideAnimationView.h; sourceTree = "<group>"; };
		4C5ADED81D44BAB5004713D0 /* TouchInsideAnimationView.m */ = {isa = PBXFileReference; fileEncoding = 4; lastKnownFileType = sourcecode.c.objc; path = TouchInsideAnimationView.m; sourceTree = "<group>"; };
		4C5DEB541D9981EA0010E147 /* record_save_head1.png */ = {isa = PBXFileReference; lastKnownFileType = image.png; path = record_save_head1.png; sourceTree = "<group>"; };
		4C5DEB551D9981EA0010E147 /* record_save_head2.png */ = {isa = PBXFileReference; lastKnownFileType = image.png; path = record_save_head2.png; sourceTree = "<group>"; };
		4C5DEB561D9981EA0010E147 /* record_save_head3.png */ = {isa = PBXFileReference; lastKnownFileType = image.png; path = record_save_head3.png; sourceTree = "<group>"; };
		4C60581D1D424E9E0003EAF3 /* TouchAnimationView.h */ = {isa = PBXFileReference; fileEncoding = 4; lastKnownFileType = sourcecode.c.h; path = TouchAnimationView.h; sourceTree = "<group>"; };
		4C60581E1D424E9E0003EAF3 /* TouchAnimationView.m */ = {isa = PBXFileReference; fileEncoding = 4; lastKnownFileType = sourcecode.c.objc; path = TouchAnimationView.m; sourceTree = "<group>"; };
		4C644CBF1E05283D005663AF /* MptPageControl.h */ = {isa = PBXFileReference; fileEncoding = 4; lastKnownFileType = sourcecode.c.h; path = MptPageControl.h; sourceTree = "<group>"; };
		4C644CC01E05283D005663AF /* MptPageControl.m */ = {isa = PBXFileReference; fileEncoding = 4; lastKnownFileType = sourcecode.c.objc; path = MptPageControl.m; sourceTree = "<group>"; };
		4C644CC11E05283D005663AF /* MptTableHeadCell.h */ = {isa = PBXFileReference; fileEncoding = 4; lastKnownFileType = sourcecode.c.h; path = MptTableHeadCell.h; sourceTree = "<group>"; };
		4C644CC21E05283D005663AF /* MptTableHeadCell.m */ = {isa = PBXFileReference; fileEncoding = 4; lastKnownFileType = sourcecode.c.objc; path = MptTableHeadCell.m; sourceTree = "<group>"; };
		4C644CC31E05283D005663AF /* MptTableHeadView.h */ = {isa = PBXFileReference; fileEncoding = 4; lastKnownFileType = sourcecode.c.h; path = MptTableHeadView.h; sourceTree = "<group>"; };
		4C644CC41E05283D005663AF /* MptTableHeadView.m */ = {isa = PBXFileReference; fileEncoding = 4; lastKnownFileType = sourcecode.c.objc; path = MptTableHeadView.m; sourceTree = "<group>"; };
		4CA0C71F1D1FAC4E001EDC89 /* BabySleep.app */ = {isa = PBXFileReference; explicitFileType = wrapper.application; includeInIndex = 0; path = BabySleep.app; sourceTree = BUILT_PRODUCTS_DIR; };
		4CA0C7231D1FAC4E001EDC89 /* main.m */ = {isa = PBXFileReference; lastKnownFileType = sourcecode.c.objc; path = main.m; sourceTree = "<group>"; };
		4CA0C7251D1FAC4E001EDC89 /* AppDelegate.h */ = {isa = PBXFileReference; lastKnownFileType = sourcecode.c.h; path = AppDelegate.h; sourceTree = "<group>"; };
		4CA0C7261D1FAC4E001EDC89 /* AppDelegate.m */ = {isa = PBXFileReference; lastKnownFileType = sourcecode.c.objc; path = AppDelegate.m; sourceTree = "<group>"; };
		4CA0C7281D1FAC4E001EDC89 /* ViewController.h */ = {isa = PBXFileReference; lastKnownFileType = sourcecode.c.h; path = ViewController.h; sourceTree = "<group>"; };
		4CA0C7291D1FAC4E001EDC89 /* ViewController.m */ = {isa = PBXFileReference; lastKnownFileType = sourcecode.c.objc; path = ViewController.m; sourceTree = "<group>"; };
		4CA0C72E1D1FAC4E001EDC89 /* Assets.xcassets */ = {isa = PBXFileReference; lastKnownFileType = folder.assetcatalog; path = Assets.xcassets; sourceTree = "<group>"; };
		4CA0C7331D1FAC4E001EDC89 /* Info.plist */ = {isa = PBXFileReference; lastKnownFileType = text.plist.xml; path = Info.plist; sourceTree = "<group>"; };
		4CA0C7381D1FAC4F001EDC89 /* BabySleepTests.xctest */ = {isa = PBXFileReference; explicitFileType = wrapper.cfbundle; includeInIndex = 0; path = BabySleepTests.xctest; sourceTree = BUILT_PRODUCTS_DIR; };
		4CA0C73C1D1FAC4F001EDC89 /* BabySleepTests.m */ = {isa = PBXFileReference; lastKnownFileType = sourcecode.c.objc; path = BabySleepTests.m; sourceTree = "<group>"; };
		4CA0C73E1D1FAC4F001EDC89 /* Info.plist */ = {isa = PBXFileReference; lastKnownFileType = text.plist.xml; path = Info.plist; sourceTree = "<group>"; };
		4CA0C7431D1FAC4F001EDC89 /* BabySleepUITests.xctest */ = {isa = PBXFileReference; explicitFileType = wrapper.cfbundle; includeInIndex = 0; path = BabySleepUITests.xctest; sourceTree = BUILT_PRODUCTS_DIR; };
		4CA0C7471D1FAC4F001EDC89 /* BabySleepUITests.m */ = {isa = PBXFileReference; lastKnownFileType = sourcecode.c.objc; path = BabySleepUITests.m; sourceTree = "<group>"; };
		4CA0C7491D1FAC4F001EDC89 /* Info.plist */ = {isa = PBXFileReference; lastKnownFileType = text.plist.xml; path = Info.plist; sourceTree = "<group>"; };
		4CA0EAE11E06A51D00C12A5A /* ad1_640.png */ = {isa = PBXFileReference; lastKnownFileType = image.png; path = ad1_640.png; sourceTree = "<group>"; };
		4CA0EAE21E06A51D00C12A5A /* ad1_750.png */ = {isa = PBXFileReference; lastKnownFileType = image.png; path = ad1_750.png; sourceTree = "<group>"; };
		4CA0EAE31E06A51D00C12A5A /* ad1_828.png */ = {isa = PBXFileReference; lastKnownFileType = image.png; path = ad1_828.png; sourceTree = "<group>"; };
		4CA0EAE41E06A51D00C12A5A /* ad2_640.png */ = {isa = PBXFileReference; lastKnownFileType = image.png; path = ad2_640.png; sourceTree = "<group>"; };
		4CA0EAE51E06A51D00C12A5A /* ad2_750.png */ = {isa = PBXFileReference; lastKnownFileType = image.png; path = ad2_750.png; sourceTree = "<group>"; };
		4CA0EAE61E06A51D00C12A5A /* ad2_828.png */ = {isa = PBXFileReference; lastKnownFileType = image.png; path = ad2_828.png; sourceTree = "<group>"; };
		4CA0EAE71E06A51D00C12A5A /* ad3_640.png */ = {isa = PBXFileReference; lastKnownFileType = image.png; path = ad3_640.png; sourceTree = "<group>"; };
		4CA0EAE81E06A51D00C12A5A /* ad3_750.png */ = {isa = PBXFileReference; lastKnownFileType = image.png; path = ad3_750.png; sourceTree = "<group>"; };
		4CA0EAE91E06A51D00C12A5A /* ad3_828.png */ = {isa = PBXFileReference; lastKnownFileType = image.png; path = ad3_828.png; sourceTree = "<group>"; };
		4CA8344C1D30DB78007543B5 /* SystemConfiguration.framework */ = {isa = PBXFileReference; lastKnownFileType = wrapper.framework; name = SystemConfiguration.framework; path = System/Library/Frameworks/SystemConfiguration.framework; sourceTree = SDKROOT; };
		4CA8344E1D30DB86007543B5 /* libz.tbd */ = {isa = PBXFileReference; lastKnownFileType = "sourcecode.text-based-dylib-definition"; name = libz.tbd; path = usr/lib/libz.tbd; sourceTree = SDKROOT; };
		4CA834501D30DB9B007543B5 /* libsqlite3.0.tbd */ = {isa = PBXFileReference; lastKnownFileType = "sourcecode.text-based-dylib-definition"; name = libsqlite3.0.tbd; path = usr/lib/libsqlite3.0.tbd; sourceTree = SDKROOT; };
		4CA834521D30DBAB007543B5 /* libc++.tbd */ = {isa = PBXFileReference; lastKnownFileType = "sourcecode.text-based-dylib-definition"; name = "libc++.tbd"; path = "usr/lib/libc++.tbd"; sourceTree = SDKROOT; };
		4CA834541D30DDC0007543B5 /* CoreTelephony.framework */ = {isa = PBXFileReference; lastKnownFileType = wrapper.framework; name = CoreTelephony.framework; path = System/Library/Frameworks/CoreTelephony.framework; sourceTree = SDKROOT; };
		4CAE50881D3550A4009FE262 /* Images.xcassets */ = {isa = PBXFileReference; lastKnownFileType = folder.assetcatalog; path = Images.xcassets; sourceTree = "<group>"; };
		4CAE508A1D3552AB009FE262 /* adx2@2x.png */ = {isa = PBXFileReference; lastKnownFileType = image.png; path = "adx2@2x.png"; sourceTree = "<group>"; };
		4CAE50941D36901E009FE262 /* WMMacro.h */ = {isa = PBXFileReference; fileEncoding = 4; lastKnownFileType = sourcecode.c.h; path = WMMacro.h; sourceTree = "<group>"; };
		4CB2D6AC1DB36BD100297B61 /* en */ = {isa = PBXFileReference; lastKnownFileType = text.plist.strings; name = en; path = en.lproj/Localizable.strings; sourceTree = "<group>"; };
		4CB2D6AE1DB36BE700297B61 /* zh-Hans */ = {isa = PBXFileReference; lastKnownFileType = text.plist.strings; name = "zh-Hans"; path = "zh-Hans.lproj/Localizable.strings"; sourceTree = "<group>"; };
		4CDEA46A1D604531006E3AA8 /* home_m4a_1.png */ = {isa = PBXFileReference; lastKnownFileType = image.png; path = home_m4a_1.png; sourceTree = "<group>"; };
		4CDEA46B1D604531006E3AA8 /* home_m4a_2.png */ = {isa = PBXFileReference; lastKnownFileType = image.png; path = home_m4a_2.png; sourceTree = "<group>"; };
		4CDEA46C1D604531006E3AA8 /* home_m4a_3.png */ = {isa = PBXFileReference; lastKnownFileType = image.png; path = home_m4a_3.png; sourceTree = "<group>"; };
		4CDEA4731D604542006E3AA8 /* 1.m4a */ = {isa = PBXFileReference; lastKnownFileType = file; path = 1.m4a; sourceTree = "<group>"; };
		4CDEA4741D604542006E3AA8 /* 2.m4a */ = {isa = PBXFileReference; lastKnownFileType = file; path = 2.m4a; sourceTree = "<group>"; };
		4CDEA4751D604542006E3AA8 /* 3.m4a */ = {isa = PBXFileReference; lastKnownFileType = file; path = 3.m4a; sourceTree = "<group>"; };
		4CE52F971D28CAD9009576C6 /* SliderViewController.h */ = {isa = PBXFileReference; fileEncoding = 4; lastKnownFileType = sourcecode.c.h; path = SliderViewController.h; sourceTree = "<group>"; };
		4CE52F981D28CAD9009576C6 /* SliderViewController.m */ = {isa = PBXFileReference; fileEncoding = 4; lastKnownFileType = sourcecode.c.objc; path = SliderViewController.m; sourceTree = "<group>"; };
		4CE52F9D1D28CB12009576C6 /* Utility.h */ = {isa = PBXFileReference; fileEncoding = 4; lastKnownFileType = sourcecode.c.h; path = Utility.h; sourceTree = "<group>"; };
		4CE52F9E1D28CB12009576C6 /* Utility.m */ = {isa = PBXFileReference; fileEncoding = 4; lastKnownFileType = sourcecode.c.objc; path = Utility.m; sourceTree = "<group>"; };
		4CE52F9F1D28CB12009576C6 /* WMUserDefault.h */ = {isa = PBXFileReference; fileEncoding = 4; lastKnownFileType = sourcecode.c.h; path = WMUserDefault.h; sourceTree = "<group>"; };
		4CE52FA01D28CB12009576C6 /* WMUserDefault.m */ = {isa = PBXFileReference; fileEncoding = 4; lastKnownFileType = sourcecode.c.objc; path = WMUserDefault.m; sourceTree = "<group>"; };
		4CE52FA41D29057C009576C6 /* LeftViewController.h */ = {isa = PBXFileReference; fileEncoding = 4; lastKnownFileType = sourcecode.c.h; path = LeftViewController.h; sourceTree = "<group>"; };
		4CE52FA51D29057C009576C6 /* LeftViewController.m */ = {isa = PBXFileReference; fileEncoding = 4; lastKnownFileType = sourcecode.c.objc; path = LeftViewController.m; sourceTree = "<group>"; };
		8388166B00A305B456CA2633 /* libPods-BabySleep.a */ = {isa = PBXFileReference; explicitFileType = archive.ar; includeInIndex = 0; path = "libPods-BabySleep.a"; sourceTree = BUILT_PRODUCTS_DIR; };
		A42128911D894B9400120B49 /* SystemVolumeViewController.h */ = {isa = PBXFileReference; fileEncoding = 4; lastKnownFileType = sourcecode.c.h; path = SystemVolumeViewController.h; sourceTree = "<group>"; };
		A42128921D894B9400120B49 /* SystemVolumeViewController.m */ = {isa = PBXFileReference; fileEncoding = 4; lastKnownFileType = sourcecode.c.objc; path = SystemVolumeViewController.m; sourceTree = "<group>"; };
		A42349B11D2C9F46009A5ECC /* TFLargerHitButton.h */ = {isa = PBXFileReference; fileEncoding = 4; lastKnownFileType = sourcecode.c.h; path = TFLargerHitButton.h; sourceTree = "<group>"; };
		A42349B21D2C9F46009A5ECC /* TFLargerHitButton.m */ = {isa = PBXFileReference; fileEncoding = 4; lastKnownFileType = sourcecode.c.objc; path = TFLargerHitButton.m; sourceTree = "<group>"; };
		A42349B41D2CAD9E009A5ECC /* ShareViewController.h */ = {isa = PBXFileReference; fileEncoding = 4; lastKnownFileType = sourcecode.c.h; path = ShareViewController.h; sourceTree = "<group>"; };
		A42349B51D2CAD9E009A5ECC /* ShareViewController.m */ = {isa = PBXFileReference; fileEncoding = 4; lastKnownFileType = sourcecode.c.objc; path = ShareViewController.m; sourceTree = "<group>"; };
		A42349B71D2CF1CA009A5ECC /* ShareView.h */ = {isa = PBXFileReference; fileEncoding = 4; lastKnownFileType = sourcecode.c.h; path = ShareView.h; sourceTree = "<group>"; };
		A42349B81D2CF1CA009A5ECC /* ShareView.m */ = {isa = PBXFileReference; fileEncoding = 4; lastKnownFileType = sourcecode.c.objc; path = ShareView.m; sourceTree = "<group>"; };
		A4E3FB321D3F6E7B00EEEF94 /* 华康圆体W3.otf */ = {isa = PBXFileReference; lastKnownFileType = file; path = "华康圆体W3.otf"; sourceTree = "<group>"; };
		A4E3FB331D3F6E7C00EEEF94 /* 华康圆体W5.TTF */ = {isa = PBXFileReference; lastKnownFileType = file; path = "华康圆体W5.TTF"; sourceTree = "<group>"; };
		A4E5DF551D4F18C7008AABE4 /* MMPDeepSleepPreventer.h */ = {isa = PBXFileReference; fileEncoding = 4; lastKnownFileType = sourcecode.c.h; path = MMPDeepSleepPreventer.h; sourceTree = "<group>"; };
		A4E5DF561D4F18C7008AABE4 /* MMPDeepSleepPreventer.m */ = {isa = PBXFileReference; fileEncoding = 4; lastKnownFileType = sourcecode.c.objc; path = MMPDeepSleepPreventer.m; sourceTree = "<group>"; };
		A4E5DF571D4F18C7008AABE4 /* MMPSilence.wav */ = {isa = PBXFileReference; lastKnownFileType = audio.wav; path = MMPSilence.wav; sourceTree = "<group>"; };
		A4E5DF5B1D4F29DE008AABE4 /* AudioTask.h */ = {isa = PBXFileReference; fileEncoding = 4; lastKnownFileType = sourcecode.c.h; path = AudioTask.h; sourceTree = "<group>"; };
		A4E5DF5C1D4F29DE008AABE4 /* AudioTask.m */ = {isa = PBXFileReference; fileEncoding = 4; lastKnownFileType = sourcecode.c.objc; path = AudioTask.m; sourceTree = "<group>"; };
		A4FEA13E1D2B990200FB7FE0 /* NoiseViewController.h */ = {isa = PBXFileReference; fileEncoding = 4; lastKnownFileType = sourcecode.c.h; path = NoiseViewController.h; sourceTree = "<group>"; };
		A4FEA13F1D2B990200FB7FE0 /* NoiseViewController.m */ = {isa = PBXFileReference; fileEncoding = 4; lastKnownFileType = sourcecode.c.objc; path = NoiseViewController.m; sourceTree = "<group>"; };
		C898D8CBDE833750ABC5359E /* Pods-BabySleep.debug.xcconfig */ = {isa = PBXFileReference; includeInIndex = 1; lastKnownFileType = text.xcconfig; name = "Pods-BabySleep.debug.xcconfig"; path = "Pods/Target Support Files/Pods-BabySleep/Pods-BabySleep.debug.xcconfig"; sourceTree = "<group>"; };
/* End PBXFileReference section */

/* Begin PBXFrameworksBuildPhase section */
		4CA0C71C1D1FAC4E001EDC89 /* Frameworks */ = {
			isa = PBXFrameworksBuildPhase;
			buildActionMask = 2147483647;
			files = (
				4CA834551D30DDC0007543B5 /* CoreTelephony.framework in Frameworks */,
				4CA834531D30DBAB007543B5 /* libc++.tbd in Frameworks */,
				4CA834511D30DB9B007543B5 /* libsqlite3.0.tbd in Frameworks */,
				4CA8344F1D30DB86007543B5 /* libz.tbd in Frameworks */,
				4CA8344D1D30DB78007543B5 /* SystemConfiguration.framework in Frameworks */,
				98A7710DA41AEF688C8BD8A0 /* libPods-BabySleep.a in Frameworks */,
			);
			runOnlyForDeploymentPostprocessing = 0;
		};
		4CA0C7351D1FAC4F001EDC89 /* Frameworks */ = {
			isa = PBXFrameworksBuildPhase;
			buildActionMask = 2147483647;
			files = (
			);
			runOnlyForDeploymentPostprocessing = 0;
		};
		4CA0C7401D1FAC4F001EDC89 /* Frameworks */ = {
			isa = PBXFrameworksBuildPhase;
			buildActionMask = 2147483647;
			files = (
			);
			runOnlyForDeploymentPostprocessing = 0;
		};
/* End PBXFrameworksBuildPhase section */

/* Begin PBXGroup section */
		3C4CC9449C94092D0DF3BE3C /* Pods */ = {
			isa = PBXGroup;
			children = (
				C898D8CBDE833750ABC5359E /* Pods-BabySleep.debug.xcconfig */,
				3C85BCABA432B8DCDBE98160 /* Pods-BabySleep.release.xcconfig */,
			);
			name = Pods;
			sourceTree = "<group>";
		};
		42FDDCFA331C98D6CF84F184 /* Frameworks */ = {
			isa = PBXGroup;
			children = (
				8388166B00A305B456CA2633 /* libPods-BabySleep.a */,
			);
			name = Frameworks;
			sourceTree = "<group>";
		};
		4C4F36DE1D74A0E700171C7A /* DataModel */ = {
			isa = PBXGroup;
			children = (
				4C4F36DF1D74A0E700171C7A /* MusicData.h */,
				4C4F36E01D74A0E700171C7A /* MusicData.m */,
			);
			path = DataModel;
			sourceTree = "<group>";
		};
		4CA0C7161D1FAC4E001EDC89 = {
			isa = PBXGroup;
			children = (
				4CA834541D30DDC0007543B5 /* CoreTelephony.framework */,
				4CA834521D30DBAB007543B5 /* libc++.tbd */,
				4CA834501D30DB9B007543B5 /* libsqlite3.0.tbd */,
				4CA8344E1D30DB86007543B5 /* libz.tbd */,
				4CA8344C1D30DB78007543B5 /* SystemConfiguration.framework */,
				4CA0C7211D1FAC4E001EDC89 /* BabySleep */,
				4CA0C73B1D1FAC4F001EDC89 /* BabySleepTests */,
				4CA0C7461D1FAC4F001EDC89 /* BabySleepUITests */,
				4CA0C7201D1FAC4E001EDC89 /* Products */,
				3C4CC9449C94092D0DF3BE3C /* Pods */,
				42FDDCFA331C98D6CF84F184 /* Frameworks */,
			);
			sourceTree = "<group>";
		};
		4CA0C7201D1FAC4E001EDC89 /* Products */ = {
			isa = PBXGroup;
			children = (
				4CA0C71F1D1FAC4E001EDC89 /* BabySleep.app */,
				4CA0C7381D1FAC4F001EDC89 /* BabySleepTests.xctest */,
				4CA0C7431D1FAC4F001EDC89 /* BabySleepUITests.xctest */,
			);
			name = Products;
			sourceTree = "<group>";
		};
		4CA0C7211D1FAC4E001EDC89 /* BabySleep */ = {
			isa = PBXGroup;
			children = (
				4C4F36DE1D74A0E700171C7A /* DataModel */,
				A4E5DF5A1D4F29DE008AABE4 /* MusicHelper */,
				A4E5DF541D4F18C7008AABE4 /* MMPDeepSleepPreventer */,
				4CE52F9A1D28CB12009576C6 /* Utility */,
				4CE52F961D28CAD9009576C6 /* SliderViewController */,
				4CA0C7251D1FAC4E001EDC89 /* AppDelegate.h */,
				4CA0C7261D1FAC4E001EDC89 /* AppDelegate.m */,
				4C644CBF1E05283D005663AF /* MptPageControl.h */,
				4C644CC01E05283D005663AF /* MptPageControl.m */,
				4C644CC11E05283D005663AF /* MptTableHeadCell.h */,
				4C644CC21E05283D005663AF /* MptTableHeadCell.m */,
				4C644CC31E05283D005663AF /* MptTableHeadView.h */,
				4C644CC41E05283D005663AF /* MptTableHeadView.m */,
				4C54F2141E052A910037BAA7 /* HomeHeadView.h */,
				4C54F2151E052A910037BAA7 /* HomeHeadView.m */,
				4CA0C7281D1FAC4E001EDC89 /* ViewController.h */,
				4CA0C7291D1FAC4E001EDC89 /* ViewController.m */,
				4C202D4E1D72EA8100E150D3 /* EditMusicView.h */,
				4C202D4F1D72EA8100E150D3 /* EditMusicView.m */,
				4C4F36D71D7491C200171C7A /* RecordListCell.h */,
				4C4F36D81D7491C200171C7A /* RecordListCell.m */,
				4CE52FA41D29057C009576C6 /* LeftViewController.h */,
				4CE52FA51D29057C009576C6 /* LeftViewController.m */,
				A4FEA13E1D2B990200FB7FE0 /* NoiseViewController.h */,
				A4FEA13F1D2B990200FB7FE0 /* NoiseViewController.m */,
				A42128911D894B9400120B49 /* SystemVolumeViewController.h */,
				A42128921D894B9400120B49 /* SystemVolumeViewController.m */,
				A42349B41D2CAD9E009A5ECC /* ShareViewController.h */,
				A42349B51D2CAD9E009A5ECC /* ShareViewController.m */,
				A42349B11D2C9F46009A5ECC /* TFLargerHitButton.h */,
				A42349B21D2C9F46009A5ECC /* TFLargerHitButton.m */,
				4C202D511D747AFA00E150D3 /* RecordView.h */,
				4C202D521D747AFA00E150D3 /* RecordView.m */,
				4C4A76881D773764005588D0 /* SaveMusicView.h */,
				4C4A76891D773764005588D0 /* SaveMusicView.m */,
				A42349B71D2CF1CA009A5ECC /* ShareView.h */,
				A42349B81D2CF1CA009A5ECC /* ShareView.m */,
				4C3DA1F01D3B5B5F0003B5FD /* ShareAlertView.h */,
				4C3DA1F11D3B5B5F0003B5FD /* ShareAlertView.m */,
				4C60581D1D424E9E0003EAF3 /* TouchAnimationView.h */,
				4C60581E1D424E9E0003EAF3 /* TouchAnimationView.m */,
				4C5ADED71D44BAB5004713D0 /* TouchInsideAnimationView.h */,
				4C5ADED81D44BAB5004713D0 /* TouchInsideAnimationView.m */,
				4CA0C72E1D1FAC4E001EDC89 /* Assets.xcassets */,
				4CA0C7331D1FAC4E001EDC89 /* Info.plist */,
				4CAE50881D3550A4009FE262 /* Images.xcassets */,
				4CA0C7221D1FAC4E001EDC89 /* Supporting Files */,
			);
			path = BabySleep;
			sourceTree = "<group>";
		};
		4CA0C7221D1FAC4E001EDC89 /* Supporting Files */ = {
			isa = PBXGroup;
			children = (
				A4FEA1271D2B559900FB7FE0 /* Resource */,
				4CA0C7231D1FAC4E001EDC89 /* main.m */,
				4CB2D6AD1DB36BD100297B61 /* Localizable.strings */,
			);
			name = "Supporting Files";
			sourceTree = "<group>";
		};
		4CA0C73B1D1FAC4F001EDC89 /* BabySleepTests */ = {
			isa = PBXGroup;
			children = (
				4CA0C73C1D1FAC4F001EDC89 /* BabySleepTests.m */,
				4CA0C73E1D1FAC4F001EDC89 /* Info.plist */,
			);
			path = BabySleepTests;
			sourceTree = "<group>";
		};
		4CA0C7461D1FAC4F001EDC89 /* BabySleepUITests */ = {
			isa = PBXGroup;
			children = (
				4CA0C7471D1FAC4F001EDC89 /* BabySleepUITests.m */,
				4CA0C7491D1FAC4F001EDC89 /* Info.plist */,
			);
			path = BabySleepUITests;
			sourceTree = "<group>";
		};
		4CE52F961D28CAD9009576C6 /* SliderViewController */ = {
			isa = PBXGroup;
			children = (
				4CE52F971D28CAD9009576C6 /* SliderViewController.h */,
				4CE52F981D28CAD9009576C6 /* SliderViewController.m */,
			);
			path = SliderViewController;
			sourceTree = "<group>";
		};
		4CE52F9A1D28CB12009576C6 /* Utility */ = {
			isa = PBXGroup;
			children = (
				4CE52F9D1D28CB12009576C6 /* Utility.h */,
				4CE52F9E1D28CB12009576C6 /* Utility.m */,
				4CAE50941D36901E009FE262 /* WMMacro.h */,
				4CE52F9F1D28CB12009576C6 /* WMUserDefault.h */,
				4CE52FA01D28CB12009576C6 /* WMUserDefault.m */,
			);
			path = Utility;
			sourceTree = "<group>";
		};
		A4E3FB311D3F6E7B00EEEF94 /* font */ = {
			isa = PBXGroup;
			children = (
				A4E3FB321D3F6E7B00EEEF94 /* 华康圆体W3.otf */,
				A4E3FB331D3F6E7C00EEEF94 /* 华康圆体W5.TTF */,
			);
			path = font;
			sourceTree = "<group>";
		};
		A4E5DF541D4F18C7008AABE4 /* MMPDeepSleepPreventer */ = {
			isa = PBXGroup;
			children = (
				A4E5DF551D4F18C7008AABE4 /* MMPDeepSleepPreventer.h */,
				A4E5DF561D4F18C7008AABE4 /* MMPDeepSleepPreventer.m */,
				A4E5DF571D4F18C7008AABE4 /* MMPSilence.wav */,
			);
			path = MMPDeepSleepPreventer;
			sourceTree = "<group>";
		};
		A4E5DF5A1D4F29DE008AABE4 /* MusicHelper */ = {
			isa = PBXGroup;
			children = (
				A4E5DF5B1D4F29DE008AABE4 /* AudioTask.h */,
				A4E5DF5C1D4F29DE008AABE4 /* AudioTask.m */,
			);
			path = MusicHelper;
			sourceTree = "<group>";
		};
		A4FEA1271D2B559900FB7FE0 /* Resource */ = {
			isa = PBXGroup;
			children = (
				A4E3FB311D3F6E7B00EEEF94 /* font */,
				A4FEA1281D2B559900FB7FE0 /* music */,
				A4FEA12E1D2B559900FB7FE0 /* pic */,
			);
			path = Resource;
			sourceTree = "<group>";
		};
		A4FEA1281D2B559900FB7FE0 /* music */ = {
			isa = PBXGroup;
			children = (
				4CDEA4731D604542006E3AA8 /* 1.m4a */,
				4CDEA4741D604542006E3AA8 /* 2.m4a */,
				4CDEA4751D604542006E3AA8 /* 3.m4a */,
			);
			path = music;
			sourceTree = "<group>";
		};
		A4FEA12E1D2B559900FB7FE0 /* pic */ = {
			isa = PBXGroup;
			children = (
				4C4F36E21D75D48700171C7A /* delete_normal@2x.png */,
				4C4F36DA1D749DAB00171C7A /* slide_disable@2x.png */,
				4C4F36DB1D749DAB00171C7A /* slide_enable@2x.png */,
				4CDEA46A1D604531006E3AA8 /* home_m4a_1.png */,
				4CDEA46B1D604531006E3AA8 /* home_m4a_2.png */,
				4CDEA46C1D604531006E3AA8 /* home_m4a_3.png */,
				4C5DEB541D9981EA0010E147 /* record_save_head1.png */,
				4C5DEB551D9981EA0010E147 /* record_save_head2.png */,
				4C5DEB561D9981EA0010E147 /* record_save_head3.png */,
				4C3DA1F31D3B62650003B5FD /* icon120.png */,
				4CAE508A1D3552AB009FE262 /* adx2@2x.png */,
				4CA0EAE11E06A51D00C12A5A /* ad1_640.png */,
				4CA0EAE21E06A51D00C12A5A /* ad1_750.png */,
				4CA0EAE31E06A51D00C12A5A /* ad1_828.png */,
				4CA0EAE41E06A51D00C12A5A /* ad2_640.png */,
				4CA0EAE51E06A51D00C12A5A /* ad2_750.png */,
				4CA0EAE61E06A51D00C12A5A /* ad2_828.png */,
				4CA0EAE71E06A51D00C12A5A /* ad3_640.png */,
				4CA0EAE81E06A51D00C12A5A /* ad3_750.png */,
				4CA0EAE91E06A51D00C12A5A /* ad3_828.png */,
			);
			path = pic;
			sourceTree = "<group>";
		};
/* End PBXGroup section */

/* Begin PBXNativeTarget section */
		4CA0C71E1D1FAC4E001EDC89 /* BabySleep */ = {
			isa = PBXNativeTarget;
			buildConfigurationList = 4CA0C74C1D1FAC4F001EDC89 /* Build configuration list for PBXNativeTarget "BabySleep" */;
			buildPhases = (
				D29EE8741C4DC0EEF5A28374 /* [CP] Check Pods Manifest.lock */,
				4CA0C71B1D1FAC4E001EDC89 /* Sources */,
				4CA0C71C1D1FAC4E001EDC89 /* Frameworks */,
				4CA0C71D1D1FAC4E001EDC89 /* Resources */,
				609B04CCFE98B342E20622C3 /* [CP] Embed Pods Frameworks */,
				E033BEC507B3C1A53E78B1BF /* [CP] Copy Pods Resources */,
			);
			buildRules = (
			);
			dependencies = (
			);
			name = BabySleep;
			productName = BabySleep;
			productReference = 4CA0C71F1D1FAC4E001EDC89 /* BabySleep.app */;
			productType = "com.apple.product-type.application";
		};
		4CA0C7371D1FAC4F001EDC89 /* BabySleepTests */ = {
			isa = PBXNativeTarget;
			buildConfigurationList = 4CA0C74F1D1FAC4F001EDC89 /* Build configuration list for PBXNativeTarget "BabySleepTests" */;
			buildPhases = (
				4CA0C7341D1FAC4F001EDC89 /* Sources */,
				4CA0C7351D1FAC4F001EDC89 /* Frameworks */,
				4CA0C7361D1FAC4F001EDC89 /* Resources */,
			);
			buildRules = (
			);
			dependencies = (
				4CA0C73A1D1FAC4F001EDC89 /* PBXTargetDependency */,
			);
			name = BabySleepTests;
			productName = BabySleepTests;
			productReference = 4CA0C7381D1FAC4F001EDC89 /* BabySleepTests.xctest */;
			productType = "com.apple.product-type.bundle.unit-test";
		};
		4CA0C7421D1FAC4F001EDC89 /* BabySleepUITests */ = {
			isa = PBXNativeTarget;
			buildConfigurationList = 4CA0C7521D1FAC4F001EDC89 /* Build configuration list for PBXNativeTarget "BabySleepUITests" */;
			buildPhases = (
				4CA0C73F1D1FAC4F001EDC89 /* Sources */,
				4CA0C7401D1FAC4F001EDC89 /* Frameworks */,
				4CA0C7411D1FAC4F001EDC89 /* Resources */,
			);
			buildRules = (
			);
			dependencies = (
				4CA0C7451D1FAC4F001EDC89 /* PBXTargetDependency */,
			);
			name = BabySleepUITests;
			productName = BabySleepUITests;
			productReference = 4CA0C7431D1FAC4F001EDC89 /* BabySleepUITests.xctest */;
			productType = "com.apple.product-type.bundle.ui-testing";
		};
/* End PBXNativeTarget section */

/* Begin PBXProject section */
		4CA0C7171D1FAC4E001EDC89 /* Project object */ = {
			isa = PBXProject;
			attributes = {
				LastUpgradeCheck = 0800;
				ORGANIZATIONNAME = Michael;
				TargetAttributes = {
					4CA0C71E1D1FAC4E001EDC89 = {
						CreatedOnToolsVersion = 7.3;
						DevelopmentTeam = TGV2ER7UVL;
						ProvisioningStyle = Automatic;
					};
					4CA0C7371D1FAC4F001EDC89 = {
						CreatedOnToolsVersion = 7.3;
						TestTargetID = 4CA0C71E1D1FAC4E001EDC89;
					};
					4CA0C7421D1FAC4F001EDC89 = {
						CreatedOnToolsVersion = 7.3;
						TestTargetID = 4CA0C71E1D1FAC4E001EDC89;
					};
				};
			};
			buildConfigurationList = 4CA0C71A1D1FAC4E001EDC89 /* Build configuration list for PBXProject "BabySleep" */;
			compatibilityVersion = "Xcode 3.2";
			developmentRegion = English;
			hasScannedForEncodings = 0;
			knownRegions = (
				en,
				Base,
				"zh-Hans",
			);
			mainGroup = 4CA0C7161D1FAC4E001EDC89;
			productRefGroup = 4CA0C7201D1FAC4E001EDC89 /* Products */;
			projectDirPath = "";
			projectRoot = "";
			targets = (
				4CA0C71E1D1FAC4E001EDC89 /* BabySleep */,
				4CA0C7371D1FAC4F001EDC89 /* BabySleepTests */,
				4CA0C7421D1FAC4F001EDC89 /* BabySleepUITests */,
			);
		};
/* End PBXProject section */

/* Begin PBXResourcesBuildPhase section */
		4CA0C71D1D1FAC4E001EDC89 /* Resources */ = {
			isa = PBXResourcesBuildPhase;
			buildActionMask = 2147483647;
			files = (
				4CDEA4781D604542006E3AA8 /* 3.m4a in Resources */,
				4CDEA46F1D604531006E3AA8 /* home_m4a_1.png in Resources */,
				4CA0EAEA1E06A51D00C12A5A /* ad1_640.png in Resources */,
				4CA0EAEB1E06A51D00C12A5A /* ad1_750.png in Resources */,
				4CA0EAEC1E06A51D00C12A5A /* ad1_828.png in Resources */,
				4C4F36E31D75D48700171C7A /* delete_normal@2x.png in Resources */,
				4CA0EAED1E06A51D00C12A5A /* ad2_640.png in Resources */,
				4CDEA4701D604531006E3AA8 /* home_m4a_2.png in Resources */,
				4C5DEB581D9981EA0010E147 /* record_save_head2.png in Resources */,
				4CB2D6AB1DB36BD100297B61 /* Localizable.strings in Resources */,
				4C5DEB571D9981EA0010E147 /* record_save_head1.png in Resources */,
				A4E5DF591D4F18C7008AABE4 /* MMPSilence.wav in Resources */,
				4C4F36DC1D749DAB00171C7A /* slide_disable@2x.png in Resources */,
				4CA0EAF11E06A51D00C12A5A /* ad3_750.png in Resources */,
				4CDEA4761D604542006E3AA8 /* 1.m4a in Resources */,
				4CDEA4711D604531006E3AA8 /* home_m4a_3.png in Resources */,
				4CA0C72F1D1FAC4E001EDC89 /* Assets.xcassets in Resources */,
				A4E3FB341D3F6E7C00EEEF94 /* 华康圆体W3.otf in Resources */,
				4C4F36DD1D749DAB00171C7A /* slide_enable@2x.png in Resources */,
				4CA0EAF21E06A51D00C12A5A /* ad3_828.png in Resources */,
				4CA0EAF01E06A51D00C12A5A /* ad3_640.png in Resources */,
				4CAE50891D3550A4009FE262 /* Images.xcassets in Resources */,
				4C3DA1F41D3B62650003B5FD /* icon120.png in Resources */,
				4CAE508B1D3552AB009FE262 /* adx2@2x.png in Resources */,
				4C5DEB591D9981EA0010E147 /* record_save_head3.png in Resources */,
				4CA0EAEE1E06A51D00C12A5A /* ad2_750.png in Resources */,
				A4E3FB351D3F6E7C00EEEF94 /* 华康圆体W5.TTF in Resources */,
				4CA0EAEF1E06A51D00C12A5A /* ad2_828.png in Resources */,
				4CDEA4771D604542006E3AA8 /* 2.m4a in Resources */,
			);
			runOnlyForDeploymentPostprocessing = 0;
		};
		4CA0C7361D1FAC4F001EDC89 /* Resources */ = {
			isa = PBXResourcesBuildPhase;
			buildActionMask = 2147483647;
			files = (
			);
			runOnlyForDeploymentPostprocessing = 0;
		};
		4CA0C7411D1FAC4F001EDC89 /* Resources */ = {
			isa = PBXResourcesBuildPhase;
			buildActionMask = 2147483647;
			files = (
			);
			runOnlyForDeploymentPostprocessing = 0;
		};
/* End PBXResourcesBuildPhase section */

/* Begin PBXShellScriptBuildPhase section */
		609B04CCFE98B342E20622C3 /* [CP] Embed Pods Frameworks */ = {
			isa = PBXShellScriptBuildPhase;
			buildActionMask = 2147483647;
			files = (
			);
			inputPaths = (
			);
			name = "[CP] Embed Pods Frameworks";
			outputPaths = (
			);
			runOnlyForDeploymentPostprocessing = 0;
			shellPath = /bin/sh;
			shellScript = "\"${SRCROOT}/Pods/Target Support Files/Pods-BabySleep/Pods-BabySleep-frameworks.sh\"\n";
			showEnvVarsInLog = 0;
		};
		D29EE8741C4DC0EEF5A28374 /* [CP] Check Pods Manifest.lock */ = {
			isa = PBXShellScriptBuildPhase;
			buildActionMask = 2147483647;
			files = (
			);
			inputPaths = (
				"${PODS_PODFILE_DIR_PATH}/Podfile.lock",
				"${PODS_ROOT}/Manifest.lock",
			);
			name = "[CP] Check Pods Manifest.lock";
			outputPaths = (
				"$(DERIVED_FILE_DIR)/Pods-BabySleep-checkManifestLockResult.txt",
			);
			runOnlyForDeploymentPostprocessing = 0;
			shellPath = /bin/sh;
			shellScript = "diff \"${PODS_PODFILE_DIR_PATH}/Podfile.lock\" \"${PODS_ROOT}/Manifest.lock\" > /dev/null\nif [ $? != 0 ] ; then\n    # print error to STDERR\n    echo \"error: The sandbox is not in sync with the Podfile.lock. Run 'pod install' or update your CocoaPods installation.\" >&2\n    exit 1\nfi\n# This output is used by Xcode 'outputs' to avoid re-running this script phase.\necho \"SUCCESS\" > \"${SCRIPT_OUTPUT_FILE_0}\"\n";
			showEnvVarsInLog = 0;
		};
		E033BEC507B3C1A53E78B1BF /* [CP] Copy Pods Resources */ = {
			isa = PBXShellScriptBuildPhase;
			buildActionMask = 2147483647;
			files = (
			);
			inputPaths = (
				"${SRCROOT}/Pods/Target Support Files/Pods-BabySleep/Pods-BabySleep-resources.sh",
				"${PODS_ROOT}/DateTools/DateTools/DateTools/DateTools.bundle",
				"${PODS_ROOT}/ELCImagePickerController/Classes/ELCImagePicker/Resources/ELCAlbumPickerController.xib",
				"${PODS_ROOT}/ELCImagePickerController/Classes/ELCImagePicker/Resources/ELCAssetPicker.xib",
				"${PODS_ROOT}/ELCImagePickerController/Classes/ELCImagePicker/Resources/ELCAssetTablePicker.xib",
				"${PODS_ROOT}/ELCImagePickerController/Classes/ELCImagePicker/Resources/Overlay.png",
				"${PODS_ROOT}/ELCImagePickerController/Classes/ELCImagePicker/Resources/Overlay@2x.png",
				"${PODS_ROOT}/MJRefresh/MJRefresh/MJRefresh.bundle",
				"${PODS_ROOT}/RSKImageCropper/RSKImageCropper/RSKImageCropperStrings.bundle",
				"${PODS_ROOT}/ShareSDK3/SDK/ShareSDK/Support/Required/ShareSDK.bundle",
				"${PODS_ROOT}/ShareSDK3/SDK/ShareSDK/Support/PlatformSDK/QQSDK/TencentOpenApi_IOS_Bundle.bundle",
				"${PODS_ROOT}/ShareSDK3/SDK/ShareSDK/Support/PlatformSDK/SinaWeiboSDK/WeiboSDK.bundle",
			);
			name = "[CP] Copy Pods Resources";
			outputPaths = (
				"${TARGET_BUILD_DIR}/${UNLOCALIZED_RESOURCES_FOLDER_PATH}",
			);
			runOnlyForDeploymentPostprocessing = 0;
			shellPath = /bin/sh;
			shellScript = "\"${SRCROOT}/Pods/Target Support Files/Pods-BabySleep/Pods-BabySleep-resources.sh\"\n";
			showEnvVarsInLog = 0;
		};
/* End PBXShellScriptBuildPhase section */

/* Begin PBXSourcesBuildPhase section */
		4CA0C71B1D1FAC4E001EDC89 /* Sources */ = {
			isa = PBXSourcesBuildPhase;
			buildActionMask = 2147483647;
			files = (
				4C3DA1F21D3B5B5F0003B5FD /* ShareAlertView.m in Sources */,
				4C4F36E11D74A0E700171C7A /* MusicData.m in Sources */,
				A42349B31D2C9F46009A5ECC /* TFLargerHitButton.m in Sources */,
				4C4A768A1D773764005588D0 /* SaveMusicView.m in Sources */,
				4CA0C72A1D1FAC4E001EDC89 /* ViewController.m in Sources */,
				A4E5DF581D4F18C7008AABE4 /* MMPDeepSleepPreventer.m in Sources */,
				A42128931D894B9400120B49 /* SystemVolumeViewController.m in Sources */,
				4CE52FA31D28CB12009576C6 /* WMUserDefault.m in Sources */,
				A42349B91D2CF1CA009A5ECC /* ShareView.m in Sources */,
				4CA0C7271D1FAC4E001EDC89 /* AppDelegate.m in Sources */,
				4CA0C7241D1FAC4E001EDC89 /* main.m in Sources */,
				4C60581F1D424E9E0003EAF3 /* TouchAnimationView.m in Sources */,
				4CE52FA61D29057C009576C6 /* LeftViewController.m in Sources */,
				4C202D501D72EA8100E150D3 /* EditMusicView.m in Sources */,
				4C202D531D747AFA00E150D3 /* RecordView.m in Sources */,
				4C54F2161E052A910037BAA7 /* HomeHeadView.m in Sources */,
				4C5ADED91D44BAB5004713D0 /* TouchInsideAnimationView.m in Sources */,
				4C644CC61E05283D005663AF /* MptTableHeadCell.m in Sources */,
				A4FEA1401D2B990200FB7FE0 /* NoiseViewController.m in Sources */,
				4CE52FA21D28CB12009576C6 /* Utility.m in Sources */,
				4C644CC71E05283D005663AF /* MptTableHeadView.m in Sources */,
				A42349B61D2CAD9E009A5ECC /* ShareViewController.m in Sources */,
				4CE52F991D28CAD9009576C6 /* SliderViewController.m in Sources */,
				4C644CC51E05283D005663AF /* MptPageControl.m in Sources */,
				A4E5DF5D1D4F29DE008AABE4 /* AudioTask.m in Sources */,
				4C4F36D91D7491C200171C7A /* RecordListCell.m in Sources */,
			);
			runOnlyForDeploymentPostprocessing = 0;
		};
		4CA0C7341D1FAC4F001EDC89 /* Sources */ = {
			isa = PBXSourcesBuildPhase;
			buildActionMask = 2147483647;
			files = (
				4CA0C73D1D1FAC4F001EDC89 /* BabySleepTests.m in Sources */,
			);
			runOnlyForDeploymentPostprocessing = 0;
		};
		4CA0C73F1D1FAC4F001EDC89 /* Sources */ = {
			isa = PBXSourcesBuildPhase;
			buildActionMask = 2147483647;
			files = (
				4CA0C7481D1FAC4F001EDC89 /* BabySleepUITests.m in Sources */,
			);
			runOnlyForDeploymentPostprocessing = 0;
		};
/* End PBXSourcesBuildPhase section */

/* Begin PBXTargetDependency section */
		4CA0C73A1D1FAC4F001EDC89 /* PBXTargetDependency */ = {
			isa = PBXTargetDependency;
			target = 4CA0C71E1D1FAC4E001EDC89 /* BabySleep */;
			targetProxy = 4CA0C7391D1FAC4F001EDC89 /* PBXContainerItemProxy */;
		};
		4CA0C7451D1FAC4F001EDC89 /* PBXTargetDependency */ = {
			isa = PBXTargetDependency;
			target = 4CA0C71E1D1FAC4E001EDC89 /* BabySleep */;
			targetProxy = 4CA0C7441D1FAC4F001EDC89 /* PBXContainerItemProxy */;
		};
/* End PBXTargetDependency section */

/* Begin PBXVariantGroup section */
		4CB2D6AD1DB36BD100297B61 /* Localizable.strings */ = {
			isa = PBXVariantGroup;
			children = (
				4CB2D6AC1DB36BD100297B61 /* en */,
				4CB2D6AE1DB36BE700297B61 /* zh-Hans */,
			);
			name = Localizable.strings;
			sourceTree = "<group>";
		};
/* End PBXVariantGroup section */

/* Begin XCBuildConfiguration section */
		4CA0C74A1D1FAC4F001EDC89 /* Debug */ = {
			isa = XCBuildConfiguration;
			buildSettings = {
				ALWAYS_SEARCH_USER_PATHS = NO;
				CLANG_ANALYZER_LOCALIZABILITY_NONLOCALIZED = YES;
				CLANG_ANALYZER_NONNULL = YES;
				CLANG_CXX_LANGUAGE_STANDARD = "gnu++0x";
				CLANG_CXX_LIBRARY = "libc++";
				CLANG_ENABLE_MODULES = YES;
				CLANG_ENABLE_OBJC_ARC = YES;
				CLANG_WARN_BOOL_CONVERSION = YES;
				CLANG_WARN_CONSTANT_CONVERSION = YES;
				CLANG_WARN_DIRECT_OBJC_ISA_USAGE = YES_ERROR;
				CLANG_WARN_EMPTY_BODY = YES;
				CLANG_WARN_ENUM_CONVERSION = YES;
				CLANG_WARN_INFINITE_RECURSION = YES;
				CLANG_WARN_INT_CONVERSION = YES;
				CLANG_WARN_OBJC_ROOT_CLASS = YES_ERROR;
				CLANG_WARN_SUSPICIOUS_MOVE = YES;
				CLANG_WARN_UNREACHABLE_CODE = YES;
				CLANG_WARN__DUPLICATE_METHOD_MATCH = YES;
				"CODE_SIGN_IDENTITY[sdk=iphoneos*]" = "iPhone Developer";
				COPY_PHASE_STRIP = NO;
				DEBUG_INFORMATION_FORMAT = dwarf;
				ENABLE_STRICT_OBJC_MSGSEND = YES;
				ENABLE_TESTABILITY = YES;
				GCC_C_LANGUAGE_STANDARD = gnu99;
				GCC_DYNAMIC_NO_PIC = NO;
				GCC_NO_COMMON_BLOCKS = YES;
				GCC_OPTIMIZATION_LEVEL = 0;
				GCC_PREPROCESSOR_DEFINITIONS = (
					"DEBUG=1",
					"$(inherited)",
				);
				GCC_WARN_64_TO_32_BIT_CONVERSION = YES;
				GCC_WARN_ABOUT_RETURN_TYPE = YES_ERROR;
				GCC_WARN_UNDECLARED_SELECTOR = YES;
				GCC_WARN_UNINITIALIZED_AUTOS = YES_AGGRESSIVE;
				GCC_WARN_UNUSED_FUNCTION = YES;
				GCC_WARN_UNUSED_VARIABLE = YES;
				IPHONEOS_DEPLOYMENT_TARGET = 9.3;
				MTL_ENABLE_DEBUG_INFO = YES;
				ONLY_ACTIVE_ARCH = YES;
				SDKROOT = iphoneos;
			};
			name = Debug;
		};
		4CA0C74B1D1FAC4F001EDC89 /* Release */ = {
			isa = XCBuildConfiguration;
			buildSettings = {
				ALWAYS_SEARCH_USER_PATHS = NO;
				CLANG_ANALYZER_LOCALIZABILITY_NONLOCALIZED = YES;
				CLANG_ANALYZER_NONNULL = YES;
				CLANG_CXX_LANGUAGE_STANDARD = "gnu++0x";
				CLANG_CXX_LIBRARY = "libc++";
				CLANG_ENABLE_MODULES = YES;
				CLANG_ENABLE_OBJC_ARC = YES;
				CLANG_WARN_BOOL_CONVERSION = YES;
				CLANG_WARN_CONSTANT_CONVERSION = YES;
				CLANG_WARN_DIRECT_OBJC_ISA_USAGE = YES_ERROR;
				CLANG_WARN_EMPTY_BODY = YES;
				CLANG_WARN_ENUM_CONVERSION = YES;
				CLANG_WARN_INFINITE_RECURSION = YES;
				CLANG_WARN_INT_CONVERSION = YES;
				CLANG_WARN_OBJC_ROOT_CLASS = YES_ERROR;
				CLANG_WARN_SUSPICIOUS_MOVE = YES;
				CLANG_WARN_UNREACHABLE_CODE = YES;
				CLANG_WARN__DUPLICATE_METHOD_MATCH = YES;
				"CODE_SIGN_IDENTITY[sdk=iphoneos*]" = "iPhone Developer";
				COPY_PHASE_STRIP = NO;
				DEBUG_INFORMATION_FORMAT = "dwarf-with-dsym";
				ENABLE_NS_ASSERTIONS = NO;
				ENABLE_STRICT_OBJC_MSGSEND = YES;
				GCC_C_LANGUAGE_STANDARD = gnu99;
				GCC_NO_COMMON_BLOCKS = YES;
				GCC_WARN_64_TO_32_BIT_CONVERSION = YES;
				GCC_WARN_ABOUT_RETURN_TYPE = YES_ERROR;
				GCC_WARN_UNDECLARED_SELECTOR = YES;
				GCC_WARN_UNINITIALIZED_AUTOS = YES_AGGRESSIVE;
				GCC_WARN_UNUSED_FUNCTION = YES;
				GCC_WARN_UNUSED_VARIABLE = YES;
				IPHONEOS_DEPLOYMENT_TARGET = 9.3;
				MTL_ENABLE_DEBUG_INFO = NO;
				SDKROOT = iphoneos;
				VALIDATE_PRODUCT = YES;
			};
			name = Release;
		};
		4CA0C74D1D1FAC4F001EDC89 /* Debug */ = {
			isa = XCBuildConfiguration;
			baseConfigurationReference = C898D8CBDE833750ABC5359E /* Pods-BabySleep.debug.xcconfig */;
			buildSettings = {
				ASSETCATALOG_COMPILER_APPICON_NAME = AppIcon;
				ASSETCATALOG_COMPILER_LAUNCHIMAGE_NAME = "Brand Assets";
				CODE_SIGN_IDENTITY = "iPhone Developer: Xiaodong Cui (PLUE6QWNG3)";
				"CODE_SIGN_IDENTITY[sdk=iphoneos*]" = "iPhone Developer";
				INFOPLIST_FILE = BabySleep/Info.plist;
				IPHONEOS_DEPLOYMENT_TARGET = 8.0;
				LD_RUNPATH_SEARCH_PATHS = "$(inherited) @executable_path/Frameworks";
				LIBRARY_SEARCH_PATHS = (
					"$(inherited)",
					"$(PROJECT_DIR)/BabySleep/opensource",
				);
				PRODUCT_BUNDLE_IDENTIFIER = com.michael.motherstory;
				PRODUCT_NAME = "$(TARGET_NAME)";
				PROVISIONING_PROFILE = "";
				PROVISIONING_PROFILE_SPECIFIER = "";
			};
			name = Debug;
		};
		4CA0C74E1D1FAC4F001EDC89 /* Release */ = {
			isa = XCBuildConfiguration;
			baseConfigurationReference = 3C85BCABA432B8DCDBE98160 /* Pods-BabySleep.release.xcconfig */;
			buildSettings = {
				ASSETCATALOG_COMPILER_APPICON_NAME = AppIcon;
				ASSETCATALOG_COMPILER_LAUNCHIMAGE_NAME = "Brand Assets";
				CODE_SIGN_IDENTITY = "iPhone Distribution: Xiaodong Cui (TGV2ER7UVL)";
				"CODE_SIGN_IDENTITY[sdk=iphoneos*]" = "iPhone Developer";
				INFOPLIST_FILE = BabySleep/Info.plist;
				IPHONEOS_DEPLOYMENT_TARGET = 8.0;
				LD_RUNPATH_SEARCH_PATHS = "$(inherited) @executable_path/Frameworks";
				LIBRARY_SEARCH_PATHS = (
					"$(inherited)",
					"$(PROJECT_DIR)/BabySleep/opensource",
				);
				PRODUCT_BUNDLE_IDENTIFIER = com.michael.motherstory;
				PRODUCT_NAME = "$(TARGET_NAME)";
				PROVISIONING_PROFILE = "";
				PROVISIONING_PROFILE_SPECIFIER = "";
			};
			name = Release;
		};
		4CA0C7501D1FAC4F001EDC89 /* Debug */ = {
			isa = XCBuildConfiguration;
			buildSettings = {
				BUNDLE_LOADER = "$(TEST_HOST)";
				INFOPLIST_FILE = BabySleepTests/Info.plist;
				LD_RUNPATH_SEARCH_PATHS = "$(inherited) @executable_path/Frameworks @loader_path/Frameworks";
				PRODUCT_BUNDLE_IDENTIFIER = com.michael.babysleep.BabySleepTests;
				PRODUCT_NAME = "$(TARGET_NAME)";
				TEST_HOST = "$(BUILT_PRODUCTS_DIR)/BabySleep.app/BabySleep";
			};
			name = Debug;
		};
		4CA0C7511D1FAC4F001EDC89 /* Release */ = {
			isa = XCBuildConfiguration;
			buildSettings = {
				BUNDLE_LOADER = "$(TEST_HOST)";
				INFOPLIST_FILE = BabySleepTests/Info.plist;
				LD_RUNPATH_SEARCH_PATHS = "$(inherited) @executable_path/Frameworks @loader_path/Frameworks";
				PRODUCT_BUNDLE_IDENTIFIER = com.michael.babysleep.BabySleepTests;
				PRODUCT_NAME = "$(TARGET_NAME)";
				TEST_HOST = "$(BUILT_PRODUCTS_DIR)/BabySleep.app/BabySleep";
			};
			name = Release;
		};
		4CA0C7531D1FAC4F001EDC89 /* Debug */ = {
			isa = XCBuildConfiguration;
			buildSettings = {
				INFOPLIST_FILE = BabySleepUITests/Info.plist;
				LD_RUNPATH_SEARCH_PATHS = "$(inherited) @executable_path/Frameworks @loader_path/Frameworks";
				PRODUCT_BUNDLE_IDENTIFIER = com.michael.babysleep.BabySleepUITests;
				PRODUCT_NAME = "$(TARGET_NAME)";
				TEST_TARGET_NAME = BabySleep;
			};
			name = Debug;
		};
		4CA0C7541D1FAC4F001EDC89 /* Release */ = {
			isa = XCBuildConfiguration;
			buildSettings = {
				INFOPLIST_FILE = BabySleepUITests/Info.plist;
				LD_RUNPATH_SEARCH_PATHS = "$(inherited) @executable_path/Frameworks @loader_path/Frameworks";
				PRODUCT_BUNDLE_IDENTIFIER = com.michael.babysleep.BabySleepUITests;
				PRODUCT_NAME = "$(TARGET_NAME)";
				TEST_TARGET_NAME = BabySleep;
			};
			name = Release;
		};
/* End XCBuildConfiguration section */

/* Begin XCConfigurationList section */
		4CA0C71A1D1FAC4E001EDC89 /* Build configuration list for PBXProject "BabySleep" */ = {
			isa = XCConfigurationList;
			buildConfigurations = (
				4CA0C74A1D1FAC4F001EDC89 /* Debug */,
				4CA0C74B1D1FAC4F001EDC89 /* Release */,
			);
			defaultConfigurationIsVisible = 0;
			defaultConfigurationName = Release;
		};
		4CA0C74C1D1FAC4F001EDC89 /* Build configuration list for PBXNativeTarget "BabySleep" */ = {
			isa = XCConfigurationList;
			buildConfigurations = (
				4CA0C74D1D1FAC4F001EDC89 /* Debug */,
				4CA0C74E1D1FAC4F001EDC89 /* Release */,
			);
			defaultConfigurationIsVisible = 0;
			defaultConfigurationName = Release;
		};
		4CA0C74F1D1FAC4F001EDC89 /* Build configuration list for PBXNativeTarget "BabySleepTests" */ = {
			isa = XCConfigurationList;
			buildConfigurations = (
				4CA0C7501D1FAC4F001EDC89 /* Debug */,
				4CA0C7511D1FAC4F001EDC89 /* Release */,
			);
			defaultConfigurationIsVisible = 0;
			defaultConfigurationName = Release;
		};
		4CA0C7521D1FAC4F001EDC89 /* Build configuration list for PBXNativeTarget "BabySleepUITests" */ = {
			isa = XCConfigurationList;
			buildConfigurations = (
				4CA0C7531D1FAC4F001EDC89 /* Debug */,
				4CA0C7541D1FAC4F001EDC89 /* Release */,
			);
			defaultConfigurationIsVisible = 0;
			defaultConfigurationName = Release;
		};
/* End XCConfigurationList section */
	};
	rootObject = 4CA0C7171D1FAC4E001EDC89 /* Project object */;
}
